// !$*UTF8*$!
{
	archiveVersion = 1;
	classes = {
	};
	objectVersion = 56;
	objects = {

/* Begin PBXBuildFile section */
		7ECAFDD929EA92F400807AE6 /* AppDelegate.swift in Sources */ = {isa = PBXBuildFile; fileRef = 7ECAFDD829EA92F400807AE6 /* AppDelegate.swift */; };
		7ECAFDDB29EA92F400807AE6 /* SceneDelegate.swift in Sources */ = {isa = PBXBuildFile; fileRef = 7ECAFDDA29EA92F400807AE6 /* SceneDelegate.swift */; };
		7ECAFDDD29EA92F400807AE6 /* ViewController.swift in Sources */ = {isa = PBXBuildFile; fileRef = 7ECAFDDC29EA92F400807AE6 /* ViewController.swift */; };
		7ECAFDE029EA92F400807AE6 /* Main.storyboard in Resources */ = {isa = PBXBuildFile; fileRef = 7ECAFDDE29EA92F400807AE6 /* Main.storyboard */; };
		7ECAFDE229EA92F500807AE6 /* Assets.xcassets in Resources */ = {isa = PBXBuildFile; fileRef = 7ECAFDE129EA92F500807AE6 /* Assets.xcassets */; };
		7ECAFDE529EA92F500807AE6 /* LaunchScreen.storyboard in Resources */ = {isa = PBXBuildFile; fileRef = 7ECAFDE329EA92F500807AE6 /* LaunchScreen.storyboard */; };
		7ECAFDF029EA92F500807AE6 /* Strom_ProjectTests.swift in Sources */ = {isa = PBXBuildFile; fileRef = 7ECAFDEF29EA92F500807AE6 /* Strom_ProjectTests.swift */; };
		7ECAFDFA29EA92F600807AE6 /* Strom_ProjectUITests.swift in Sources */ = {isa = PBXBuildFile; fileRef = 7ECAFDF929EA92F600807AE6 /* Strom_ProjectUITests.swift */; };
		7ECAFDFC29EA92F600807AE6 /* Strom_ProjectUITestsLaunchTests.swift in Sources */ = {isa = PBXBuildFile; fileRef = 7ECAFDFB29EA92F600807AE6 /* Strom_ProjectUITestsLaunchTests.swift */; };
		7ECAFE0929EA971800807AE6 /* DetailViewController.swift in Sources */ = {isa = PBXBuildFile; fileRef = 7ECAFE0829EA971800807AE6 /* DetailViewController.swift */; };
/* End PBXBuildFile section */

/* Begin PBXContainerItemProxy section */
		7ECAFDEC29EA92F500807AE6 /* PBXContainerItemProxy */ = {
			isa = PBXContainerItemProxy;
			containerPortal = 7ECAFDCD29EA92F400807AE6 /* Project object */;
			proxyType = 1;
			remoteGlobalIDString = 7ECAFDD429EA92F400807AE6;
			remoteInfo = "Strom Project";
		};
		7ECAFDF629EA92F600807AE6 /* PBXContainerItemProxy */ = {
			isa = PBXContainerItemProxy;
			containerPortal = 7ECAFDCD29EA92F400807AE6 /* Project object */;
			proxyType = 1;
			remoteGlobalIDString = 7ECAFDD429EA92F400807AE6;
			remoteInfo = "Strom Project";
		};
/* End PBXContainerItemProxy section */

/* Begin PBXFileReference section */
		7ECAFDD529EA92F400807AE6 /* Strom Project.app */ = {isa = PBXFileReference; explicitFileType = wrapper.application; includeInIndex = 0; path = "Strom Project.app"; sourceTree = BUILT_PRODUCTS_DIR; };
		7ECAFDD829EA92F400807AE6 /* AppDelegate.swift */ = {isa = PBXFileReference; lastKnownFileType = sourcecode.swift; path = AppDelegate.swift; sourceTree = "<group>"; };
		7ECAFDDA29EA92F400807AE6 /* SceneDelegate.swift */ = {isa = PBXFileReference; lastKnownFileType = sourcecode.swift; path = SceneDelegate.swift; sourceTree = "<group>"; };
		7ECAFDDC29EA92F400807AE6 /* ViewController.swift */ = {isa = PBXFileReference; lastKnownFileType = sourcecode.swift; path = ViewController.swift; sourceTree = "<group>"; };
		7ECAFDDF29EA92F400807AE6 /* Base */ = {isa = PBXFileReference; lastKnownFileType = file.storyboard; name = Base; path = Base.lproj/Main.storyboard; sourceTree = "<group>"; };
		7ECAFDE129EA92F500807AE6 /* Assets.xcassets */ = {isa = PBXFileReference; lastKnownFileType = folder.assetcatalog; path = Assets.xcassets; sourceTree = "<group>"; };
		7ECAFDE429EA92F500807AE6 /* Base */ = {isa = PBXFileReference; lastKnownFileType = file.storyboard; name = Base; path = Base.lproj/LaunchScreen.storyboard; sourceTree = "<group>"; };
		7ECAFDE629EA92F500807AE6 /* Info.plist */ = {isa = PBXFileReference; lastKnownFileType = text.plist.xml; path = Info.plist; sourceTree = "<group>"; };
		7ECAFDEB29EA92F500807AE6 /* Strom ProjectTests.xctest */ = {isa = PBXFileReference; explicitFileType = wrapper.cfbundle; includeInIndex = 0; path = "Strom ProjectTests.xctest"; sourceTree = BUILT_PRODUCTS_DIR; };
		7ECAFDEF29EA92F500807AE6 /* Strom_ProjectTests.swift */ = {isa = PBXFileReference; lastKnownFileType = sourcecode.swift; path = Strom_ProjectTests.swift; sourceTree = "<group>"; };
		7ECAFDF529EA92F600807AE6 /* Strom ProjectUITests.xctest */ = {isa = PBXFileReference; explicitFileType = wrapper.cfbundle; includeInIndex = 0; path = "Strom ProjectUITests.xctest"; sourceTree = BUILT_PRODUCTS_DIR; };
		7ECAFDF929EA92F600807AE6 /* Strom_ProjectUITests.swift */ = {isa = PBXFileReference; lastKnownFileType = sourcecode.swift; path = Strom_ProjectUITests.swift; sourceTree = "<group>"; };
		7ECAFDFB29EA92F600807AE6 /* Strom_ProjectUITestsLaunchTests.swift */ = {isa = PBXFileReference; lastKnownFileType = sourcecode.swift; path = Strom_ProjectUITestsLaunchTests.swift; sourceTree = "<group>"; };
		7ECAFE0829EA971800807AE6 /* DetailViewController.swift */ = {isa = PBXFileReference; lastKnownFileType = sourcecode.swift; path = DetailViewController.swift; sourceTree = "<group>"; };
/* End PBXFileReference section */

/* Begin PBXFrameworksBuildPhase section */
		7ECAFDD229EA92F400807AE6 /* Frameworks */ = {
			isa = PBXFrameworksBuildPhase;
			buildActionMask = 2147483647;
			files = (
			);
			runOnlyForDeploymentPostprocessing = 0;
		};
		7ECAFDE829EA92F500807AE6 /* Frameworks */ = {
			isa = PBXFrameworksBuildPhase;
			buildActionMask = 2147483647;
			files = (
			);
			runOnlyForDeploymentPostprocessing = 0;
		};
		7ECAFDF229EA92F600807AE6 /* Frameworks */ = {
			isa = PBXFrameworksBuildPhase;
			buildActionMask = 2147483647;
			files = (
			);
			runOnlyForDeploymentPostprocessing = 0;
		};
/* End PBXFrameworksBuildPhase section */

/* Begin PBXGroup section */
		7ECAFDCC29EA92F400807AE6 = {
			isa = PBXGroup;
			children = (
				7ECAFDD729EA92F400807AE6 /* Strom Project */,
				7ECAFDEE29EA92F500807AE6 /* Strom ProjectTests */,
				7ECAFDF829EA92F600807AE6 /* Strom ProjectUITests */,
				7ECAFDD629EA92F400807AE6 /* Products */,
			);
			sourceTree = "<group>";
		};
		7ECAFDD629EA92F400807AE6 /* Products */ = {
			isa = PBXGroup;
			children = (
				7ECAFDD529EA92F400807AE6 /* Strom Project.app */,
				7ECAFDEB29EA92F500807AE6 /* Strom ProjectTests.xctest */,
				7ECAFDF529EA92F600807AE6 /* Strom ProjectUITests.xctest */,
			);
			name = Products;
			sourceTree = "<group>";
		};
		7ECAFDD729EA92F400807AE6 /* Strom Project */ = {
			isa = PBXGroup;
			children = (
				7ECAFDD829EA92F400807AE6 /* AppDelegate.swift */,
				7ECAFDDA29EA92F400807AE6 /* SceneDelegate.swift */,
				7ECAFE0B29EAD71300807AE6 /* Controllers */,
				7ECAFE0A29EAD6FB00807AE6 /* View */,
				7ECAFDE129EA92F500807AE6 /* Assets.xcassets */,
				7ECAFDE329EA92F500807AE6 /* LaunchScreen.storyboard */,
				7ECAFDE629EA92F500807AE6 /* Info.plist */,
			);
			path = "Strom Project";
			sourceTree = "<group>";
		};
		7ECAFDEE29EA92F500807AE6 /* Strom ProjectTests */ = {
			isa = PBXGroup;
			children = (
				7ECAFDEF29EA92F500807AE6 /* Strom_ProjectTests.swift */,
			);
			path = "Strom ProjectTests";
			sourceTree = "<group>";
		};
		7ECAFDF829EA92F600807AE6 /* Strom ProjectUITests */ = {
			isa = PBXGroup;
			children = (
				7ECAFDF929EA92F600807AE6 /* Strom_ProjectUITests.swift */,
				7ECAFDFB29EA92F600807AE6 /* Strom_ProjectUITestsLaunchTests.swift */,
			);
			path = "Strom ProjectUITests";
			sourceTree = "<group>";
		};
		7ECAFE0A29EAD6FB00807AE6 /* View */ = {
			isa = PBXGroup;
			children = (
				7ECAFDDE29EA92F400807AE6 /* Main.storyboard */,
			);
			path = View;
			sourceTree = "<group>";
		};
		7ECAFE0B29EAD71300807AE6 /* Controllers */ = {
			isa = PBXGroup;
			children = (
				7ECAFDDC29EA92F400807AE6 /* ViewController.swift */,
				7ECAFE0829EA971800807AE6 /* DetailViewController.swift */,
			);
			path = Controllers;
			sourceTree = "<group>";
		};
/* End PBXGroup section */

/* Begin PBXNativeTarget section */
		7ECAFDD429EA92F400807AE6 /* Strom Project */ = {
			isa = PBXNativeTarget;
			buildConfigurationList = 7ECAFDFF29EA92F600807AE6 /* Build configuration list for PBXNativeTarget "Strom Project" */;
			buildPhases = (
				7ECAFDD129EA92F400807AE6 /* Sources */,
				7ECAFDD229EA92F400807AE6 /* Frameworks */,
				7ECAFDD329EA92F400807AE6 /* Resources */,
			);
			buildRules = (
			);
			dependencies = (
			);
			name = "Strom Project";
			productName = "Strom Project";
			productReference = 7ECAFDD529EA92F400807AE6 /* Strom Project.app */;
			productType = "com.apple.product-type.application";
		};
		7ECAFDEA29EA92F500807AE6 /* Strom ProjectTests */ = {
			isa = PBXNativeTarget;
			buildConfigurationList = 7ECAFE0229EA92F600807AE6 /* Build configuration list for PBXNativeTarget "Strom ProjectTests" */;
			buildPhases = (
				7ECAFDE729EA92F500807AE6 /* Sources */,
				7ECAFDE829EA92F500807AE6 /* Frameworks */,
				7ECAFDE929EA92F500807AE6 /* Resources */,
			);
			buildRules = (
			);
			dependencies = (
				7ECAFDED29EA92F500807AE6 /* PBXTargetDependency */,
			);
			name = "Strom ProjectTests";
			productName = "Strom ProjectTests";
			productReference = 7ECAFDEB29EA92F500807AE6 /* Strom ProjectTests.xctest */;
			productType = "com.apple.product-type.bundle.unit-test";
		};
		7ECAFDF429EA92F600807AE6 /* Strom ProjectUITests */ = {
			isa = PBXNativeTarget;
			buildConfigurationList = 7ECAFE0529EA92F600807AE6 /* Build configuration list for PBXNativeTarget "Strom ProjectUITests" */;
			buildPhases = (
				7ECAFDF129EA92F600807AE6 /* Sources */,
				7ECAFDF229EA92F600807AE6 /* Frameworks */,
				7ECAFDF329EA92F600807AE6 /* Resources */,
			);
			buildRules = (
			);
			dependencies = (
				7ECAFDF729EA92F600807AE6 /* PBXTargetDependency */,
			);
			name = "Strom ProjectUITests";
			productName = "Strom ProjectUITests";
			productReference = 7ECAFDF529EA92F600807AE6 /* Strom ProjectUITests.xctest */;
			productType = "com.apple.product-type.bundle.ui-testing";
		};
/* End PBXNativeTarget section */

/* Begin PBXProject section */
		7ECAFDCD29EA92F400807AE6 /* Project object */ = {
			isa = PBXProject;
			attributes = {
				BuildIndependentTargetsInParallel = 1;
				LastSwiftUpdateCheck = 1420;
				LastUpgradeCheck = 1420;
				TargetAttributes = {
					7ECAFDD429EA92F400807AE6 = {
						CreatedOnToolsVersion = 14.2;
					};
					7ECAFDEA29EA92F500807AE6 = {
						CreatedOnToolsVersion = 14.2;
						TestTargetID = 7ECAFDD429EA92F400807AE6;
					};
					7ECAFDF429EA92F600807AE6 = {
						CreatedOnToolsVersion = 14.2;
						TestTargetID = 7ECAFDD429EA92F400807AE6;
					};
				};
			};
			buildConfigurationList = 7ECAFDD029EA92F400807AE6 /* Build configuration list for PBXProject "Strom Project" */;
			compatibilityVersion = "Xcode 14.0";
			developmentRegion = en;
			hasScannedForEncodings = 0;
			knownRegions = (
				en,
				Base,
			);
			mainGroup = 7ECAFDCC29EA92F400807AE6;
			productRefGroup = 7ECAFDD629EA92F400807AE6 /* Products */;
			projectDirPath = "";
			projectRoot = "";
			targets = (
				7ECAFDD429EA92F400807AE6 /* Strom Project */,
				7ECAFDEA29EA92F500807AE6 /* Strom ProjectTests */,
				7ECAFDF429EA92F600807AE6 /* Strom ProjectUITests */,
			);
		};
/* End PBXProject section */

/* Begin PBXResourcesBuildPhase section */
		7ECAFDD329EA92F400807AE6 /* Resources */ = {
			isa = PBXResourcesBuildPhase;
			buildActionMask = 2147483647;
			files = (
				7ECAFDE529EA92F500807AE6 /* LaunchScreen.storyboard in Resources */,
				7ECAFDE229EA92F500807AE6 /* Assets.xcassets in Resources */,
				7ECAFDE029EA92F400807AE6 /* Main.storyboard in Resources */,
			);
			runOnlyForDeploymentPostprocessing = 0;
		};
		7ECAFDE929EA92F500807AE6 /* Resources */ = {
			isa = PBXResourcesBuildPhase;
			buildActionMask = 2147483647;
			files = (
			);
			runOnlyForDeploymentPostprocessing = 0;
		};
		7ECAFDF329EA92F600807AE6 /* Resources */ = {
			isa = PBXResourcesBuildPhase;
			buildActionMask = 2147483647;
			files = (
			);
			runOnlyForDeploymentPostprocessing = 0;
		};
/* End PBXResourcesBuildPhase section */

/* Begin PBXSourcesBuildPhase section */
		7ECAFDD129EA92F400807AE6 /* Sources */ = {
			isa = PBXSourcesBuildPhase;
			buildActionMask = 2147483647;
			files = (
				7ECAFDDD29EA92F400807AE6 /* ViewController.swift in Sources */,
				7ECAFDD929EA92F400807AE6 /* AppDelegate.swift in Sources */,
				7ECAFDDB29EA92F400807AE6 /* SceneDelegate.swift in Sources */,
				7ECAFE0929EA971800807AE6 /* DetailViewController.swift in Sources */,
			);
			runOnlyForDeploymentPostprocessing = 0;
		};
		7ECAFDE729EA92F500807AE6 /* Sources */ = {
			isa = PBXSourcesBuildPhase;
			buildActionMask = 2147483647;
			files = (
				7ECAFDF029EA92F500807AE6 /* Strom_ProjectTests.swift in Sources */,
			);
			runOnlyForDeploymentPostprocessing = 0;
		};
		7ECAFDF129EA92F600807AE6 /* Sources */ = {
			isa = PBXSourcesBuildPhase;
			buildActionMask = 2147483647;
			files = (
				7ECAFDFC29EA92F600807AE6 /* Strom_ProjectUITestsLaunchTests.swift in Sources */,
				7ECAFDFA29EA92F600807AE6 /* Strom_ProjectUITests.swift in Sources */,
			);
			runOnlyForDeploymentPostprocessing = 0;
		};
/* End PBXSourcesBuildPhase section */

/* Begin PBXTargetDependency section */
		7ECAFDED29EA92F500807AE6 /* PBXTargetDependency */ = {
			isa = PBXTargetDependency;
			target = 7ECAFDD429EA92F400807AE6 /* Strom Project */;
			targetProxy = 7ECAFDEC29EA92F500807AE6 /* PBXContainerItemProxy */;
		};
		7ECAFDF729EA92F600807AE6 /* PBXTargetDependency */ = {
			isa = PBXTargetDependency;
			target = 7ECAFDD429EA92F400807AE6 /* Strom Project */;
			targetProxy = 7ECAFDF629EA92F600807AE6 /* PBXContainerItemProxy */;
		};
/* End PBXTargetDependency section */

/* Begin PBXVariantGroup section */
		7ECAFDDE29EA92F400807AE6 /* Main.storyboard */ = {
			isa = PBXVariantGroup;
			children = (
				7ECAFDDF29EA92F400807AE6 /* Base */,
			);
			name = Main.storyboard;
			sourceTree = "<group>";
		};
		7ECAFDE329EA92F500807AE6 /* LaunchScreen.storyboard */ = {
			isa = PBXVariantGroup;
			children = (
				7ECAFDE429EA92F500807AE6 /* Base */,
			);
			name = LaunchScreen.storyboard;
			sourceTree = "<group>";
		};
/* End PBXVariantGroup section */

/* Begin XCBuildConfiguration section */
		7ECAFDFD29EA92F600807AE6 /* Debug */ = {
			isa = XCBuildConfiguration;
			buildSettings = {
				ALWAYS_SEARCH_USER_PATHS = NO;
				CLANG_ANALYZER_NONNULL = YES;
				CLANG_ANALYZER_NUMBER_OBJECT_CONVERSION = YES_AGGRESSIVE;
				CLANG_CXX_LANGUAGE_STANDARD = "gnu++20";
				CLANG_ENABLE_MODULES = YES;
				CLANG_ENABLE_OBJC_ARC = YES;
				CLANG_ENABLE_OBJC_WEAK = YES;
				CLANG_WARN_BLOCK_CAPTURE_AUTORELEASING = YES;
				CLANG_WARN_BOOL_CONVERSION = YES;
				CLANG_WARN_COMMA = YES;
				CLANG_WARN_CONSTANT_CONVERSION = YES;
				CLANG_WARN_DEPRECATED_OBJC_IMPLEMENTATIONS = YES;
				CLANG_WARN_DIRECT_OBJC_ISA_USAGE = YES_ERROR;
				CLANG_WARN_DOCUMENTATION_COMMENTS = YES;
				CLANG_WARN_EMPTY_BODY = YES;
				CLANG_WARN_ENUM_CONVERSION = YES;
				CLANG_WARN_INFINITE_RECURSION = YES;
				CLANG_WARN_INT_CONVERSION = YES;
				CLANG_WARN_NON_LITERAL_NULL_CONVERSION = YES;
				CLANG_WARN_OBJC_IMPLICIT_RETAIN_SELF = YES;
				CLANG_WARN_OBJC_LITERAL_CONVERSION = YES;
				CLANG_WARN_OBJC_ROOT_CLASS = YES_ERROR;
				CLANG_WARN_QUOTED_INCLUDE_IN_FRAMEWORK_HEADER = YES;
				CLANG_WARN_RANGE_LOOP_ANALYSIS = YES;
				CLANG_WARN_STRICT_PROTOTYPES = YES;
				CLANG_WARN_SUSPICIOUS_MOVE = YES;
				CLANG_WARN_UNGUARDED_AVAILABILITY = YES_AGGRESSIVE;
				CLANG_WARN_UNREACHABLE_CODE = YES;
				CLANG_WARN__DUPLICATE_METHOD_MATCH = YES;
				COPY_PHASE_STRIP = NO;
				DEBUG_INFORMATION_FORMAT = dwarf;
				ENABLE_STRICT_OBJC_MSGSEND = YES;
				ENABLE_TESTABILITY = YES;
				GCC_C_LANGUAGE_STANDARD = gnu11;
				GCC_DYNAMIC_NO_PIC = NO;
				GCC_NO_COMMON_BLOCKS = YES;
				GCC_OPTIMIZATION_LEVEL = 0;
				GCC_PREPROCESSOR_DEFINITIONS = (
					"DEBUG=1",
					"$(inherited)",
				);
				GCC_WARN_64_TO_32_BIT_CONVERSION = YES;
				GCC_WARN_ABOUT_RETURN_TYPE = YES_ERROR;
				GCC_WARN_UNDECLARED_SELECTOR = YES;
				GCC_WARN_UNINITIALIZED_AUTOS = YES_AGGRESSIVE;
				GCC_WARN_UNUSED_FUNCTION = YES;
				GCC_WARN_UNUSED_VARIABLE = YES;
				IPHONEOS_DEPLOYMENT_TARGET = 16.2;
				MTL_ENABLE_DEBUG_INFO = INCLUDE_SOURCE;
				MTL_FAST_MATH = YES;
				ONLY_ACTIVE_ARCH = YES;
				SDKROOT = iphoneos;
				SWIFT_ACTIVE_COMPILATION_CONDITIONS = DEBUG;
				SWIFT_OPTIMIZATION_LEVEL = "-Onone";
			};
			name = Debug;
		};
		7ECAFDFE29EA92F600807AE6 /* Release */ = {
			isa = XCBuildConfiguration;
			buildSettings = {
				ALWAYS_SEARCH_USER_PATHS = NO;
				CLANG_ANALYZER_NONNULL = YES;
				CLANG_ANALYZER_NUMBER_OBJECT_CONVERSION = YES_AGGRESSIVE;
				CLANG_CXX_LANGUAGE_STANDARD = "gnu++20";
				CLANG_ENABLE_MODULES = YES;
				CLANG_ENABLE_OBJC_ARC = YES;
				CLANG_ENABLE_OBJC_WEAK = YES;
				CLANG_WARN_BLOCK_CAPTURE_AUTORELEASING = YES;
				CLANG_WARN_BOOL_CONVERSION = YES;
				CLANG_WARN_COMMA = YES;
				CLANG_WARN_CONSTANT_CONVERSION = YES;
				CLANG_WARN_DEPRECATED_OBJC_IMPLEMENTATIONS = YES;
				CLANG_WARN_DIRECT_OBJC_ISA_USAGE = YES_ERROR;
				CLANG_WARN_DOCUMENTATION_COMMENTS = YES;
				CLANG_WARN_EMPTY_BODY = YES;
				CLANG_WARN_ENUM_CONVERSION = YES;
				CLANG_WARN_INFINITE_RECURSION = YES;
				CLANG_WARN_INT_CONVERSION = YES;
				CLANG_WARN_NON_LITERAL_NULL_CONVERSION = YES;
				CLANG_WARN_OBJC_IMPLICIT_RETAIN_SELF = YES;
				CLANG_WARN_OBJC_LITERAL_CONVERSION = YES;
				CLANG_WARN_OBJC_ROOT_CLASS = YES_ERROR;
				CLANG_WARN_QUOTED_INCLUDE_IN_FRAMEWORK_HEADER = YES;
				CLANG_WARN_RANGE_LOOP_ANALYSIS = YES;
				CLANG_WARN_STRICT_PROTOTYPES = YES;
				CLANG_WARN_SUSPICIOUS_MOVE = YES;
				CLANG_WARN_UNGUARDED_AVAILABILITY = YES_AGGRESSIVE;
				CLANG_WARN_UNREACHABLE_CODE = YES;
				CLANG_WARN__DUPLICATE_METHOD_MATCH = YES;
				COPY_PHASE_STRIP = NO;
				DEBUG_INFORMATION_FORMAT = "dwarf-with-dsym";
				ENABLE_NS_ASSERTIONS = NO;
				ENABLE_STRICT_OBJC_MSGSEND = YES;
				GCC_C_LANGUAGE_STANDARD = gnu11;
				GCC_NO_COMMON_BLOCKS = YES;
				GCC_WARN_64_TO_32_BIT_CONVERSION = YES;
				GCC_WARN_ABOUT_RETURN_TYPE = YES_ERROR;
				GCC_WARN_UNDECLARED_SELECTOR = YES;
				GCC_WARN_UNINITIALIZED_AUTOS = YES_AGGRESSIVE;
				GCC_WARN_UNUSED_FUNCTION = YES;
				GCC_WARN_UNUSED_VARIABLE = YES;
				IPHONEOS_DEPLOYMENT_TARGET = 16.2;
				MTL_ENABLE_DEBUG_INFO = NO;
				MTL_FAST_MATH = YES;
				SDKROOT = iphoneos;
				SWIFT_COMPILATION_MODE = wholemodule;
				SWIFT_OPTIMIZATION_LEVEL = "-O";
				VALIDATE_PRODUCT = YES;
			};
			name = Release;
		};
		7ECAFE0029EA92F600807AE6 /* Debug */ = {
			isa = XCBuildConfiguration;
			buildSettings = {
				ASSETCATALOG_COMPILER_APPICON_NAME = AppIcon;
				ASSETCATALOG_COMPILER_GLOBAL_ACCENT_COLOR_NAME = AccentColor;
				CODE_SIGN_STYLE = Automatic;
				CURRENT_PROJECT_VERSION = 1;
				DEVELOPMENT_TEAM = 4WCVXD5T4H;
				GENERATE_INFOPLIST_FILE = YES;
				INFOPLIST_FILE = "Strom Project/Info.plist";
				INFOPLIST_KEY_UIApplicationSupportsIndirectInputEvents = YES;
				INFOPLIST_KEY_UILaunchStoryboardName = LaunchScreen;
				INFOPLIST_KEY_UIMainStoryboardFile = Main;
				INFOPLIST_KEY_UISupportedInterfaceOrientations_iPad = "UIInterfaceOrientationPortrait UIInterfaceOrientationPortraitUpsideDown UIInterfaceOrientationLandscapeLeft UIInterfaceOrientationLandscapeRight";
				INFOPLIST_KEY_UISupportedInterfaceOrientations_iPhone = "UIInterfaceOrientationPortrait UIInterfaceOrientationLandscapeLeft UIInterfaceOrientationLandscapeRight";
				LD_RUNPATH_SEARCH_PATHS = (
					"$(inherited)",
					"@executable_path/Frameworks",
				);
				MARKETING_VERSION = 1.0;
				PRODUCT_BUNDLE_IDENTIFIER = "com.yell-htet.Strom-Project";
				PRODUCT_NAME = "$(TARGET_NAME)";
				SWIFT_EMIT_LOC_STRINGS = YES;
				SWIFT_VERSION = 5.0;
				TARGETED_DEVICE_FAMILY = "1,2";
			};
			name = Debug;
		};
		7ECAFE0129EA92F600807AE6 /* Release */ = {
			isa = XCBuildConfiguration;
			buildSettings = {
				ASSETCATALOG_COMPILER_APPICON_NAME = AppIcon;
				ASSETCATALOG_COMPILER_GLOBAL_ACCENT_COLOR_NAME = AccentColor;
				CODE_SIGN_STYLE = Automatic;
				CURRENT_PROJECT_VERSION = 1;
				DEVELOPMENT_TEAM = 4WCVXD5T4H;
				GENERATE_INFOPLIST_FILE = YES;
				INFOPLIST_FILE = "Strom Project/Info.plist";
				INFOPLIST_KEY_UIApplicationSupportsIndirectInputEvents = YES;
				INFOPLIST_KEY_UILaunchStoryboardName = LaunchScreen;
				INFOPLIST_KEY_UIMainStoryboardFile = Main;
				INFOPLIST_KEY_UISupportedInterfaceOrientations_iPad = "UIInterfaceOrientationPortrait UIInterfaceOrientationPortraitUpsideDown UIInterfaceOrientationLandscapeLeft UIInterfaceOrientationLandscapeRight";
				INFOPLIST_KEY_UISupportedInterfaceOrientations_iPhone = "UIInterfaceOrientationPortrait UIInterfaceOrientationLandscapeLeft UIInterfaceOrientationLandscapeRight";
				LD_RUNPATH_SEARCH_PATHS = (
					"$(inherited)",
					"@executable_path/Frameworks",
				);
				MARKETING_VERSION = 1.0;
				PRODUCT_BUNDLE_IDENTIFIER = "com.yell-htet.Strom-Project";
				PRODUCT_NAME = "$(TARGET_NAME)";
				SWIFT_EMIT_LOC_STRINGS = YES;
				SWIFT_VERSION = 5.0;
				TARGETED_DEVICE_FAMILY = "1,2";
			};
			name = Release;
		};
		7ECAFE0329EA92F600807AE6 /* Debug */ = {
			isa = XCBuildConfiguration;
			buildSettings = {
				ALWAYS_EMBED_SWIFT_STANDARD_LIBRARIES = YES;
				BUNDLE_LOADER = "$(TEST_HOST)";
				CODE_SIGN_STYLE = Automatic;
				CURRENT_PROJECT_VERSION = 1;
				DEVELOPMENT_TEAM = 4WCVXD5T4H;
				GENERATE_INFOPLIST_FILE = YES;
				IPHONEOS_DEPLOYMENT_TARGET = 16.2;
				MARKETING_VERSION = 1.0;
				PRODUCT_BUNDLE_IDENTIFIER = "com.yell-htet.Strom-ProjectTests";
				PRODUCT_NAME = "$(TARGET_NAME)";
				SWIFT_EMIT_LOC_STRINGS = NO;
				SWIFT_VERSION = 5.0;
				TARGETED_DEVICE_FAMILY = "1,2";
				TEST_HOST = "$(BUILT_PRODUCTS_DIR)/Strom Project.app/$(BUNDLE_EXECUTABLE_FOLDER_PATH)/Strom Project";
			};
			name = Debug;
		};
		7ECAFE0429EA92F600807AE6 /* Release */ = {
			isa = XCBuildConfiguration;
			buildSettings = {
				ALWAYS_EMBED_SWIFT_STANDARD_LIBRARIES = YES;
				BUNDLE_LOADER = "$(TEST_HOST)";
				CODE_SIGN_STYLE = Automatic;
				CURRENT_PROJECT_VERSION = 1;
				DEVELOPMENT_TEAM = 4WCVXD5T4H;
				GENERATE_INFOPLIST_FILE = YES;
				IPHONEOS_DEPLOYMENT_TARGET = 16.2;
				MARKETING_VERSION = 1.0;
				PRODUCT_BUNDLE_IDENTIFIER = "com.yell-htet.Strom-ProjectTests";
				PRODUCT_NAME = "$(TARGET_NAME)";
				SWIFT_EMIT_LOC_STRINGS = NO;
				SWIFT_VERSION = 5.0;
				TARGETED_DEVICE_FAMILY = "1,2";
				TEST_HOST = "$(BUILT_PRODUCTS_DIR)/Strom Project.app/$(BUNDLE_EXECUTABLE_FOLDER_PATH)/Strom Project";
			};
			name = Release;
		};
		7ECAFE0629EA92F600807AE6 /* Debug */ = {
			isa = XCBuildConfiguration;
			buildSettings = {
				ALWAYS_EMBED_SWIFT_STANDARD_LIBRARIES = YES;
				CODE_SIGN_STYLE = Automatic;
				CURRENT_PROJECT_VERSION = 1;
				DEVELOPMENT_TEAM = 4WCVXD5T4H;
				GENERATE_INFOPLIST_FILE = YES;
				MARKETING_VERSION = 1.0;
				PRODUCT_BUNDLE_IDENTIFIER = "com.yell-htet.Strom-ProjectUITests";
				PRODUCT_NAME = "$(TARGET_NAME)";
				SWIFT_EMIT_LOC_STRINGS = NO;
				SWIFT_VERSION = 5.0;
				TARGETED_DEVICE_FAMILY = "1,2";
				TEST_TARGET_NAME = "Strom Project";
			};
			name = Debug;
		};
		7ECAFE0729EA92F600807AE6 /* Release */ = {
			isa = XCBuildConfiguration;
			buildSettings = {
				ALWAYS_EMBED_SWIFT_STANDARD_LIBRARIES = YES;
				CODE_SIGN_STYLE = Automatic;
				CURRENT_PROJECT_VERSION = 1;
				DEVELOPMENT_TEAM = 4WCVXD5T4H;
				GENERATE_INFOPLIST_FILE = YES;
				MARKETING_VERSION = 1.0;
				PRODUCT_BUNDLE_IDENTIFIER = "com.yell-htet.Strom-ProjectUITests";
				PRODUCT_NAME = "$(TARGET_NAME)";
				SWIFT_EMIT_LOC_STRINGS = NO;
				SWIFT_VERSION = 5.0;
				TARGETED_DEVICE_FAMILY = "1,2";
				TEST_TARGET_NAME = "Strom Project";
			};
			name = Release;
		};
/* End XCBuildConfiguration section */

/* Begin XCConfigurationList section */
		7ECAFDD029EA92F400807AE6 /* Build configuration list for PBXProject "Strom Project" */ = {
			isa = XCConfigurationList;
			buildConfigurations = (
				7ECAFDFD29EA92F600807AE6 /* Debug */,
				7ECAFDFE29EA92F600807AE6 /* Release */,
			);
			defaultConfigurationIsVisible = 0;
			defaultConfigurationName = Release;
		};
		7ECAFDFF29EA92F600807AE6 /* Build configuration list for PBXNativeTarget "Strom Project" */ = {
			isa = XCConfigurationList;
			buildConfigurations = (
				7ECAFE0029EA92F600807AE6 /* Debug */,
				7ECAFE0129EA92F600807AE6 /* Release */,
			);
			defaultConfigurationIsVisible = 0;
			defaultConfigurationName = Release;
		};
		7ECAFE0229EA92F600807AE6 /* Build configuration list for PBXNativeTarget "Strom ProjectTests" */ = {
			isa = XCConfigurationList;
			buildConfigurations = (
				7ECAFE0329EA92F600807AE6 /* Debug */,
				7ECAFE0429EA92F600807AE6 /* Release */,
			);
			defaultConfigurationIsVisible = 0;
			defaultConfigurationName = Release;
		};
		7ECAFE0529EA92F600807AE6 /* Build configuration list for PBXNativeTarget "Strom ProjectUITests" */ = {
			isa = XCConfigurationList;
			buildConfigurations = (
				7ECAFE0629EA92F600807AE6 /* Debug */,
				7ECAFE0729EA92F600807AE6 /* Release */,
			);
			defaultConfigurationIsVisible = 0;
			defaultConfigurationName = Release;
		};
/* End XCConfigurationList section */
	};
	rootObject = 7ECAFDCD29EA92F400807AE6 /* Project object */;
}
